Microsoft Visual Studio Solution File, Format Version 11.00
# Visual Studio 2008

Project("{B28EFC2C-0ACF-A96D-25EA-01DF30B69C23}") = "Quantum Boop Chamber", "Assembly-CSharp.csproj", "{3D205D73-BF02-3BEA-7FC4-274BF233F1A5}"
EndProject
Global
	GlobalSection(SolutionConfigurationPlatforms) = preSolution
		Debug|Any CPU = Debug|Any CPU
		Release|Any CPU = Release|Any CPU
	EndGlobalSection
	GlobalSection(ProjectConfigurationPlatforms) = postSolution
		{3D205D73-BF02-3BEA-7FC4-274BF233F1A5}.Debug|Any CPU.ActiveCfg = Debug|Any CPU
		{3D205D73-BF02-3BEA-7FC4-274BF233F1A5}.Debug|Any CPU.Build.0 = Debug|Any CPU
		{3D205D73-BF02-3BEA-7FC4-274BF233F1A5}.Release|Any CPU.ActiveCfg = Release|Any CPU
		{3D205D73-BF02-3BEA-7FC4-274BF233F1A5}.Release|Any CPU.Build.0 = Release|Any CPU
	EndGlobalSection
	GlobalSection(SolutionProperties) = preSolution
		HideSolutionNode = FALSE
	EndGlobalSection
	GlobalSection(MonoDevelopProperties) = preSolution
		StartupItem = Assembly-CSharp.csproj
	EndGlobalSection
EndGlobal
